
Microsoft Visual Studio Solution File, Format Version 12.00
# Visual Studio Version 18
VisualStudioVersion = 18.6.11819.183
MinimumVisualStudioVersion = 10.0.40219.1
Project("{FAE04EC0-301F-11D3-BF4B-00C04F79EFBC}") = "AliKabbadj_Fullscreen", "AliKabbadj_Fullscreen.csproj", "{158A2A3A-D6A9-ABBF-7CF0-D375B5FD3AEF}"
EndProject
Project("{FAE04EC0-301F-11D3-BF4B-00C04F79EFBC}") = "GamesNexus", "..\playnite-extension\playnite-extension\GamesNexus.csproj", "{438BC9D5-96BB-D2BB-B804-F568626B2B7D}"
EndProject
Global
	GlobalSection(SolutionConfigurationPlatforms) = preSolution
		Debug|Any CPU = Debug|Any CPU
		Release|Any CPU = Release|Any CPU
	EndGlobalSection
	GlobalSection(ProjectConfigurationPlatforms) = postSolution
		{158A2A3A-D6A9-ABBF-7CF0-D375B5FD3AEF}.Debug|Any CPU.ActiveCfg = Debug|Any CPU
		{158A2A3A-D6A9-ABBF-7CF0-D375B5FD3AEF}.Debug|Any CPU.Build.0 = Debug|Any CPU
		{158A2A3A-D6A9-ABBF-7CF0-D375B5FD3AEF}.Release|Any CPU.ActiveCfg = Release|Any CPU
		{158A2A3A-D6A9-ABBF-7CF0-D375B5FD3AEF}.Release|Any CPU.Build.0 = Release|Any CPU
		{438BC9D5-96BB-D2BB-B804-F568626B2B7D}.Debug|Any CPU.ActiveCfg = Debug|Any CPU
		{438BC9D5-96BB-D2BB-B804-F568626B2B7D}.Debug|Any CPU.Build.0 = Debug|Any CPU
		{438BC9D5-96BB-D2BB-B804-F568626B2B7D}.Release|Any CPU.ActiveCfg = Release|Any CPU
		{438BC9D5-96BB-D2BB-B804-F568626B2B7D}.Release|Any CPU.Build.0 = Release|Any CPU
	EndGlobalSection
	GlobalSection(SolutionProperties) = preSolution
		HideSolutionNode = FALSE
	EndGlobalSection
	GlobalSection(ExtensibilityGlobals) = postSolution
		SolutionGuid = {21537F97-23CE-49EA-A8C9-1AC1FCEA6C25}
	EndGlobalSection
EndGlobal
